// !$*UTF8*$!
{
	archiveVersion = 1;
	classes = {
	};
	objectVersion = 46;
	objects = {

/* Begin PBXBuildFile section */
		1774B3A22101E0EF0020F16C /* hello.png in Resources */ = {isa = PBXBuildFile; fileRef = 1774B3A12101E0EF0020F16C /* hello.png */; };
		17811BD4210A0D3600171A67 /* YDPhotoBrowser.bundle in Resources */ = {isa = PBXBuildFile; fileRef = 17811BD3210A0D3600171A67 /* YDPhotoBrowser.bundle */; };
		17D74B902102DE2500CF8128 /* AAPLCustomPresentationSecondViewController.m in Sources */ = {isa = PBXBuildFile; fileRef = 17D74B892102DE2500CF8128 /* AAPLCustomPresentationSecondViewController.m */; };
		17D74B912102DE2500CF8128 /* AAPLCustomPresentationFirstViewController.m in Sources */ = {isa = PBXBuildFile; fileRef = 17D74B8C2102DE2500CF8128 /* AAPLCustomPresentationFirstViewController.m */; };
		17D74B922102DE2500CF8128 /* AAPLCustomPresentationController.m in Sources */ = {isa = PBXBuildFile; fileRef = 17D74B8D2102DE2500CF8128 /* AAPLCustomPresentationController.m */; };
		17D74B932102DE2500CF8128 /* DemoViewController.m in Sources */ = {isa = PBXBuildFile; fileRef = 17D74B8F2102DE2500CF8128 /* DemoViewController.m */; };
		17D74BA42103690100CF8128 /* AAPLSwipeFirstViewController.m in Sources */ = {isa = PBXBuildFile; fileRef = 17D74B9A2103690000CF8128 /* AAPLSwipeFirstViewController.m */; };
		17D74BA52103690100CF8128 /* AAPLSwipeTransitionInteractionController.m in Sources */ = {isa = PBXBuildFile; fileRef = 17D74B9B2103690000CF8128 /* AAPLSwipeTransitionInteractionController.m */; };
		17D74BA62103690100CF8128 /* AAPLSwipeSecondViewController.m in Sources */ = {isa = PBXBuildFile; fileRef = 17D74B9C2103690000CF8128 /* AAPLSwipeSecondViewController.m */; };
		17D74BA72103690100CF8128 /* AAPLSwipeTransitionDelegate.m in Sources */ = {isa = PBXBuildFile; fileRef = 17D74B9D2103690000CF8128 /* AAPLSwipeTransitionDelegate.m */; };
		17D74BA82103690100CF8128 /* AAPLSwipeTransitionAnimator.m in Sources */ = {isa = PBXBuildFile; fileRef = 17D74B9F2103690000CF8128 /* AAPLSwipeTransitionAnimator.m */; };
		6003F58E195388D20070C39A /* Foundation.framework in Frameworks */ = {isa = PBXBuildFile; fileRef = 6003F58D195388D20070C39A /* Foundation.framework */; };
		6003F590195388D20070C39A /* CoreGraphics.framework in Frameworks */ = {isa = PBXBuildFile; fileRef = 6003F58F195388D20070C39A /* CoreGraphics.framework */; };
		6003F592195388D20070C39A /* UIKit.framework in Frameworks */ = {isa = PBXBuildFile; fileRef = 6003F591195388D20070C39A /* UIKit.framework */; };
		6003F598195388D20070C39A /* InfoPlist.strings in Resources */ = {isa = PBXBuildFile; fileRef = 6003F596195388D20070C39A /* InfoPlist.strings */; };
		6003F59A195388D20070C39A /* main.m in Sources */ = {isa = PBXBuildFile; fileRef = 6003F599195388D20070C39A /* main.m */; };
		6003F59E195388D20070C39A /* YDAppDelegate.m in Sources */ = {isa = PBXBuildFile; fileRef = 6003F59D195388D20070C39A /* YDAppDelegate.m */; };
		6003F5A7195388D20070C39A /* YDViewController.m in Sources */ = {isa = PBXBuildFile; fileRef = 6003F5A6195388D20070C39A /* YDViewController.m */; };
		6003F5A9195388D20070C39A /* Images.xcassets in Resources */ = {isa = PBXBuildFile; fileRef = 6003F5A8195388D20070C39A /* Images.xcassets */; };
		6003F5B0195388D20070C39A /* XCTest.framework in Frameworks */ = {isa = PBXBuildFile; fileRef = 6003F5AF195388D20070C39A /* XCTest.framework */; };
		6003F5B1195388D20070C39A /* Foundation.framework in Frameworks */ = {isa = PBXBuildFile; fileRef = 6003F58D195388D20070C39A /* Foundation.framework */; };
		6003F5B2195388D20070C39A /* UIKit.framework in Frameworks */ = {isa = PBXBuildFile; fileRef = 6003F591195388D20070C39A /* UIKit.framework */; };
		6003F5BA195388D20070C39A /* InfoPlist.strings in Resources */ = {isa = PBXBuildFile; fileRef = 6003F5B8195388D20070C39A /* InfoPlist.strings */; };
		6003F5BC195388D20070C39A /* Tests.m in Sources */ = {isa = PBXBuildFile; fileRef = 6003F5BB195388D20070C39A /* Tests.m */; };
		71719F9F1E33DC2100824A3D /* LaunchScreen.storyboard in Resources */ = {isa = PBXBuildFile; fileRef = 71719F9D1E33DC2100824A3D /* LaunchScreen.storyboard */; };
		7173DFA4A0F07F0B61FC0DE6 /* Pods_YDPhotoBrowser_Example.framework in Frameworks */ = {isa = PBXBuildFile; fileRef = EB1A9D2551FBF381C498DB15 /* Pods_YDPhotoBrowser_Example.framework */; };
		873B8AEB1B1F5CCA007FD442 /* Main.storyboard in Resources */ = {isa = PBXBuildFile; fileRef = 873B8AEA1B1F5CCA007FD442 /* Main.storyboard */; };
		BCEDEA9485BCE0B7FCCCBCE3 /* Pods_YDPhotoBrowser_Tests.framework in Frameworks */ = {isa = PBXBuildFile; fileRef = 33B2C982A7A036B106C2AFE7 /* Pods_YDPhotoBrowser_Tests.framework */; };
/* End PBXBuildFile section */

/* Begin PBXContainerItemProxy section */
		6003F5B3195388D20070C39A /* PBXContainerItemProxy */ = {
			isa = PBXContainerItemProxy;
			containerPortal = 6003F582195388D10070C39A /* Project object */;
			proxyType = 1;
			remoteGlobalIDString = 6003F589195388D20070C39A;
			remoteInfo = YDPhotoBrowser;
		};
/* End PBXContainerItemProxy section */

/* Begin PBXFileReference section */
		06D8EBF07F20B55F61E26186 /* Pods-YDPhotoBrowser_Example.debug.xcconfig */ = {isa = PBXFileReference; includeInIndex = 1; lastKnownFileType = text.xcconfig; name = "Pods-YDPhotoBrowser_Example.debug.xcconfig"; path = "Pods/Target Support Files/Pods-YDPhotoBrowser_Example/Pods-YDPhotoBrowser_Example.debug.xcconfig"; sourceTree = "<group>"; };
		1774B3A12101E0EF0020F16C /* hello.png */ = {isa = PBXFileReference; lastKnownFileType = image.png; path = hello.png; sourceTree = "<group>"; };
		17811BD3210A0D3600171A67 /* YDPhotoBrowser.bundle */ = {isa = PBXFileReference; lastKnownFileType = "wrapper.plug-in"; name = YDPhotoBrowser.bundle; path = ../../YDPhotoBrowser/Assets/YDPhotoBrowser.bundle; sourceTree = "<group>"; };
		17D74B882102DE2400CF8128 /* AAPLCustomPresentationSecondViewController.h */ = {isa = PBXFileReference; fileEncoding = 4; lastKnownFileType = sourcecode.c.h; path = AAPLCustomPresentationSecondViewController.h; sourceTree = "<group>"; };
		17D74B892102DE2500CF8128 /* AAPLCustomPresentationSecondViewController.m */ = {isa = PBXFileReference; fileEncoding = 4; lastKnownFileType = sourcecode.c.objc; path = AAPLCustomPresentationSecondViewController.m; sourceTree = "<group>"; };
		17D74B8A2102DE2500CF8128 /* DemoViewController.h */ = {isa = PBXFileReference; fileEncoding = 4; lastKnownFileType = sourcecode.c.h; path = DemoViewController.h; sourceTree = "<group>"; };
		17D74B8B2102DE2500CF8128 /* AAPLCustomPresentationFirstViewController.h */ = {isa = PBXFileReference; fileEncoding = 4; lastKnownFileType = sourcecode.c.h; path = AAPLCustomPresentationFirstViewController.h; sourceTree = "<group>"; };
		17D74B8C2102DE2500CF8128 /* AAPLCustomPresentationFirstViewController.m */ = {isa = PBXFileReference; fileEncoding = 4; lastKnownFileType = sourcecode.c.objc; path = AAPLCustomPresentationFirstViewController.m; sourceTree = "<group>"; };
		17D74B8D2102DE2500CF8128 /* AAPLCustomPresentationController.m */ = {isa = PBXFileReference; fileEncoding = 4; lastKnownFileType = sourcecode.c.objc; path = AAPLCustomPresentationController.m; sourceTree = "<group>"; };
		17D74B8E2102DE2500CF8128 /* AAPLCustomPresentationController.h */ = {isa = PBXFileReference; fileEncoding = 4; lastKnownFileType = sourcecode.c.h; path = AAPLCustomPresentationController.h; sourceTree = "<group>"; };
		17D74B8F2102DE2500CF8128 /* DemoViewController.m */ = {isa = PBXFileReference; fileEncoding = 4; lastKnownFileType = sourcecode.c.objc; path = DemoViewController.m; sourceTree = "<group>"; };
		17D74B9A2103690000CF8128 /* AAPLSwipeFirstViewController.m */ = {isa = PBXFileReference; fileEncoding = 4; lastKnownFileType = sourcecode.c.objc; path = AAPLSwipeFirstViewController.m; sourceTree = "<group>"; };
		17D74B9B2103690000CF8128 /* AAPLSwipeTransitionInteractionController.m */ = {isa = PBXFileReference; fileEncoding = 4; lastKnownFileType = sourcecode.c.objc; path = AAPLSwipeTransitionInteractionController.m; sourceTree = "<group>"; };
		17D74B9C2103690000CF8128 /* AAPLSwipeSecondViewController.m */ = {isa = PBXFileReference; fileEncoding = 4; lastKnownFileType = sourcecode.c.objc; path = AAPLSwipeSecondViewController.m; sourceTree = "<group>"; };
		17D74B9D2103690000CF8128 /* AAPLSwipeTransitionDelegate.m */ = {isa = PBXFileReference; fileEncoding = 4; lastKnownFileType = sourcecode.c.objc; path = AAPLSwipeTransitionDelegate.m; sourceTree = "<group>"; };
		17D74B9E2103690000CF8128 /* AAPLSwipeTransitionInteractionController.h */ = {isa = PBXFileReference; fileEncoding = 4; lastKnownFileType = sourcecode.c.h; path = AAPLSwipeTransitionInteractionController.h; sourceTree = "<group>"; };
		17D74B9F2103690000CF8128 /* AAPLSwipeTransitionAnimator.m */ = {isa = PBXFileReference; fileEncoding = 4; lastKnownFileType = sourcecode.c.objc; path = AAPLSwipeTransitionAnimator.m; sourceTree = "<group>"; };
		17D74BA02103690000CF8128 /* AAPLSwipeTransitionAnimator.h */ = {isa = PBXFileReference; fileEncoding = 4; lastKnownFileType = sourcecode.c.h; path = AAPLSwipeTransitionAnimator.h; sourceTree = "<group>"; };
		17D74BA12103690000CF8128 /* AAPLSwipeSecondViewController.h */ = {isa = PBXFileReference; fileEncoding = 4; lastKnownFileType = sourcecode.c.h; path = AAPLSwipeSecondViewController.h; sourceTree = "<group>"; };
		17D74BA22103690100CF8128 /* AAPLSwipeTransitionDelegate.h */ = {isa = PBXFileReference; fileEncoding = 4; lastKnownFileType = sourcecode.c.h; path = AAPLSwipeTransitionDelegate.h; sourceTree = "<group>"; };
		17D74BA32103690100CF8128 /* AAPLSwipeFirstViewController.h */ = {isa = PBXFileReference; fileEncoding = 4; lastKnownFileType = sourcecode.c.h; path = AAPLSwipeFirstViewController.h; sourceTree = "<group>"; };
		33B2C982A7A036B106C2AFE7 /* Pods_YDPhotoBrowser_Tests.framework */ = {isa = PBXFileReference; explicitFileType = wrapper.framework; includeInIndex = 0; path = Pods_YDPhotoBrowser_Tests.framework; sourceTree = BUILT_PRODUCTS_DIR; };
		6003F58A195388D20070C39A /* YDPhotoBrowser_Example.app */ = {isa = PBXFileReference; explicitFileType = wrapper.application; includeInIndex = 0; path = YDPhotoBrowser_Example.app; sourceTree = BUILT_PRODUCTS_DIR; };
		6003F58D195388D20070C39A /* Foundation.framework */ = {isa = PBXFileReference; lastKnownFileType = wrapper.framework; name = Foundation.framework; path = System/Library/Frameworks/Foundation.framework; sourceTree = SDKROOT; };
		6003F58F195388D20070C39A /* CoreGraphics.framework */ = {isa = PBXFileReference; lastKnownFileType = wrapper.framework; name = CoreGraphics.framework; path = System/Library/Frameworks/CoreGraphics.framework; sourceTree = SDKROOT; };
		6003F591195388D20070C39A /* UIKit.framework */ = {isa = PBXFileReference; lastKnownFileType = wrapper.framework; name = UIKit.framework; path = System/Library/Frameworks/UIKit.framework; sourceTree = SDKROOT; };
		6003F595195388D20070C39A /* YDPhotoBrowser-Info.plist */ = {isa = PBXFileReference; lastKnownFileType = text.plist.xml; path = "YDPhotoBrowser-Info.plist"; sourceTree = "<group>"; };
		6003F597195388D20070C39A /* en */ = {isa = PBXFileReference; lastKnownFileType = text.plist.strings; name = en; path = en.lproj/InfoPlist.strings; sourceTree = "<group>"; };
		6003F599195388D20070C39A /* main.m */ = {isa = PBXFileReference; lastKnownFileType = sourcecode.c.objc; path = main.m; sourceTree = "<group>"; };
		6003F59B195388D20070C39A /* YDPhotoBrowser-Prefix.pch */ = {isa = PBXFileReference; lastKnownFileType = sourcecode.c.h; path = "YDPhotoBrowser-Prefix.pch"; sourceTree = "<group>"; };
		6003F59C195388D20070C39A /* YDAppDelegate.h */ = {isa = PBXFileReference; lastKnownFileType = sourcecode.c.h; path = YDAppDelegate.h; sourceTree = "<group>"; };
		6003F59D195388D20070C39A /* YDAppDelegate.m */ = {isa = PBXFileReference; lastKnownFileType = sourcecode.c.objc; path = YDAppDelegate.m; sourceTree = "<group>"; };
		6003F5A5195388D20070C39A /* YDViewController.h */ = {isa = PBXFileReference; lastKnownFileType = sourcecode.c.h; path = YDViewController.h; sourceTree = "<group>"; };
		6003F5A6195388D20070C39A /* YDViewController.m */ = {isa = PBXFileReference; lastKnownFileType = sourcecode.c.objc; path = YDViewController.m; sourceTree = "<group>"; };
		6003F5A8195388D20070C39A /* Images.xcassets */ = {isa = PBXFileReference; lastKnownFileType = folder.assetcatalog; path = Images.xcassets; sourceTree = "<group>"; };
		6003F5AE195388D20070C39A /* YDPhotoBrowser_Tests.xctest */ = {isa = PBXFileReference; explicitFileType = wrapper.cfbundle; includeInIndex = 0; path = YDPhotoBrowser_Tests.xctest; sourceTree = BUILT_PRODUCTS_DIR; };
		6003F5AF195388D20070C39A /* XCTest.framework */ = {isa = PBXFileReference; lastKnownFileType = wrapper.framework; name = XCTest.framework; path = Library/Frameworks/XCTest.framework; sourceTree = DEVELOPER_DIR; };
		6003F5B7195388D20070C39A /* Tests-Info.plist */ = {isa = PBXFileReference; lastKnownFileType = text.plist.xml; path = "Tests-Info.plist"; sourceTree = "<group>"; };
		6003F5B9195388D20070C39A /* en */ = {isa = PBXFileReference; lastKnownFileType = text.plist.strings; name = en; path = en.lproj/InfoPlist.strings; sourceTree = "<group>"; };
		6003F5BB195388D20070C39A /* Tests.m */ = {isa = PBXFileReference; lastKnownFileType = sourcecode.c.objc; path = Tests.m; sourceTree = "<group>"; };
		606FC2411953D9B200FFA9A0 /* Tests-Prefix.pch */ = {isa = PBXFileReference; lastKnownFileType = sourcecode.c.h; path = "Tests-Prefix.pch"; sourceTree = "<group>"; };
		71719F9E1E33DC2100824A3D /* Base */ = {isa = PBXFileReference; lastKnownFileType = file.storyboard; name = Base; path = Base.lproj/LaunchScreen.storyboard; sourceTree = "<group>"; };
		775D44578F54F96E51D07493 /* README.md */ = {isa = PBXFileReference; includeInIndex = 1; lastKnownFileType = net.daringfireball.markdown; name = README.md; path = ../README.md; sourceTree = "<group>"; };
		7ABF43091AE6DA66F257E189 /* Pods-YDPhotoBrowser_Example.release.xcconfig */ = {isa = PBXFileReference; includeInIndex = 1; lastKnownFileType = text.xcconfig; name = "Pods-YDPhotoBrowser_Example.release.xcconfig"; path = "Pods/Target Support Files/Pods-YDPhotoBrowser_Example/Pods-YDPhotoBrowser_Example.release.xcconfig"; sourceTree = "<group>"; };
		873B8AEA1B1F5CCA007FD442 /* Main.storyboard */ = {isa = PBXFileReference; fileEncoding = 4; lastKnownFileType = file.storyboard; name = Main.storyboard; path = Base.lproj/Main.storyboard; sourceTree = "<group>"; };
		9F2B5E0DE84292149B661921 /* Pods-YDPhotoBrowser_Tests.release.xcconfig */ = {isa = PBXFileReference; includeInIndex = 1; lastKnownFileType = text.xcconfig; name = "Pods-YDPhotoBrowser_Tests.release.xcconfig"; path = "Pods/Target Support Files/Pods-YDPhotoBrowser_Tests/Pods-YDPhotoBrowser_Tests.release.xcconfig"; sourceTree = "<group>"; };
		D8C5D067468E261E14C5A26A /* YDPhotoBrowser.podspec */ = {isa = PBXFileReference; includeInIndex = 1; lastKnownFileType = text; name = YDPhotoBrowser.podspec; path = ../YDPhotoBrowser.podspec; sourceTree = "<group>"; xcLanguageSpecificationIdentifier = xcode.lang.ruby; };
		EB1A9D2551FBF381C498DB15 /* Pods_YDPhotoBrowser_Example.framework */ = {isa = PBXFileReference; explicitFileType = wrapper.framework; includeInIndex = 0; path = Pods_YDPhotoBrowser_Example.framework; sourceTree = BUILT_PRODUCTS_DIR; };
		ECC011DD29EF4678117C27AF /* LICENSE */ = {isa = PBXFileReference; includeInIndex = 1; lastKnownFileType = text; name = LICENSE; path = ../LICENSE; sourceTree = "<group>"; };
		F4F221FEE0AEC8B7DF30006F /* Pods-YDPhotoBrowser_Tests.debug.xcconfig */ = {isa = PBXFileReference; includeInIndex = 1; lastKnownFileType = text.xcconfig; name = "Pods-YDPhotoBrowser_Tests.debug.xcconfig"; path = "Pods/Target Support Files/Pods-YDPhotoBrowser_Tests/Pods-YDPhotoBrowser_Tests.debug.xcconfig"; sourceTree = "<group>"; };
/* End PBXFileReference section */

/* Begin PBXFrameworksBuildPhase section */
		6003F587195388D20070C39A /* Frameworks */ = {
			isa = PBXFrameworksBuildPhase;
			buildActionMask = 2147483647;
			files = (
				6003F590195388D20070C39A /* CoreGraphics.framework in Frameworks */,
				6003F592195388D20070C39A /* UIKit.framework in Frameworks */,
				6003F58E195388D20070C39A /* Foundation.framework in Frameworks */,
				7173DFA4A0F07F0B61FC0DE6 /* Pods_YDPhotoBrowser_Example.framework in Frameworks */,
			);
			runOnlyForDeploymentPostprocessing = 0;
		};
		6003F5AB195388D20070C39A /* Frameworks */ = {
			isa = PBXFrameworksBuildPhase;
			buildActionMask = 2147483647;
			files = (
				6003F5B0195388D20070C39A /* XCTest.framework in Frameworks */,
				6003F5B2195388D20070C39A /* UIKit.framework in Frameworks */,
				6003F5B1195388D20070C39A /* Foundation.framework in Frameworks */,
				BCEDEA9485BCE0B7FCCCBCE3 /* Pods_YDPhotoBrowser_Tests.framework in Frameworks */,
			);
			runOnlyForDeploymentPostprocessing = 0;
		};
/* End PBXFrameworksBuildPhase section */

/* Begin PBXGroup section */
		6003F581195388D10070C39A = {
			isa = PBXGroup;
			children = (
				60FF7A9C1954A5C5007DD14C /* Podspec Metadata */,
				6003F593195388D20070C39A /* Example for YDPhotoBrowser */,
				6003F5B5195388D20070C39A /* Tests */,
				6003F58C195388D20070C39A /* Frameworks */,
				6003F58B195388D20070C39A /* Products */,
				EB8585805D53FAC8CF5861D6 /* Pods */,
			);
			sourceTree = "<group>";
		};
		6003F58B195388D20070C39A /* Products */ = {
			isa = PBXGroup;
			children = (
				6003F58A195388D20070C39A /* YDPhotoBrowser_Example.app */,
				6003F5AE195388D20070C39A /* YDPhotoBrowser_Tests.xctest */,
			);
			name = Products;
			sourceTree = "<group>";
		};
		6003F58C195388D20070C39A /* Frameworks */ = {
			isa = PBXGroup;
			children = (
				6003F58D195388D20070C39A /* Foundation.framework */,
				6003F58F195388D20070C39A /* CoreGraphics.framework */,
				6003F591195388D20070C39A /* UIKit.framework */,
				6003F5AF195388D20070C39A /* XCTest.framework */,
				EB1A9D2551FBF381C498DB15 /* Pods_YDPhotoBrowser_Example.framework */,
				33B2C982A7A036B106C2AFE7 /* Pods_YDPhotoBrowser_Tests.framework */,
			);
			name = Frameworks;
			sourceTree = "<group>";
		};
		6003F593195388D20070C39A /* Example for YDPhotoBrowser */ = {
			isa = PBXGroup;
			children = (
				6003F59C195388D20070C39A /* YDAppDelegate.h */,
				6003F59D195388D20070C39A /* YDAppDelegate.m */,
				17811BD3210A0D3600171A67 /* YDPhotoBrowser.bundle */,
				873B8AEA1B1F5CCA007FD442 /* Main.storyboard */,
				6003F5A5195388D20070C39A /* YDViewController.h */,
				6003F5A6195388D20070C39A /* YDViewController.m */,
				17D74BA32103690100CF8128 /* AAPLSwipeFirstViewController.h */,
				17D74B9A2103690000CF8128 /* AAPLSwipeFirstViewController.m */,
				17D74BA12103690000CF8128 /* AAPLSwipeSecondViewController.h */,
				17D74B9C2103690000CF8128 /* AAPLSwipeSecondViewController.m */,
				17D74BA02103690000CF8128 /* AAPLSwipeTransitionAnimator.h */,
				17D74B9F2103690000CF8128 /* AAPLSwipeTransitionAnimator.m */,
				17D74BA22103690100CF8128 /* AAPLSwipeTransitionDelegate.h */,
				17D74B9D2103690000CF8128 /* AAPLSwipeTransitionDelegate.m */,
				17D74B9E2103690000CF8128 /* AAPLSwipeTransitionInteractionController.h */,
				17D74B9B2103690000CF8128 /* AAPLSwipeTransitionInteractionController.m */,
				17D74B8E2102DE2500CF8128 /* AAPLCustomPresentationController.h */,
				17D74B8D2102DE2500CF8128 /* AAPLCustomPresentationController.m */,
				17D74B8B2102DE2500CF8128 /* AAPLCustomPresentationFirstViewController.h */,
				17D74B8C2102DE2500CF8128 /* AAPLCustomPresentationFirstViewController.m */,
				17D74B882102DE2400CF8128 /* AAPLCustomPresentationSecondViewController.h */,
				17D74B892102DE2500CF8128 /* AAPLCustomPresentationSecondViewController.m */,
				17D74B8A2102DE2500CF8128 /* DemoViewController.h */,
				17D74B8F2102DE2500CF8128 /* DemoViewController.m */,
				1774B3A12101E0EF0020F16C /* hello.png */,
				71719F9D1E33DC2100824A3D /* LaunchScreen.storyboard */,
				6003F5A8195388D20070C39A /* Images.xcassets */,
				6003F594195388D20070C39A /* Supporting Files */,
			);
			name = "Example for YDPhotoBrowser";
			path = YDPhotoBrowser;
			sourceTree = "<group>";
		};
		6003F594195388D20070C39A /* Supporting Files */ = {
			isa = PBXGroup;
			children = (
				6003F595195388D20070C39A /* YDPhotoBrowser-Info.plist */,
				6003F596195388D20070C39A /* InfoPlist.strings */,
				6003F599195388D20070C39A /* main.m */,
				6003F59B195388D20070C39A /* YDPhotoBrowser-Prefix.pch */,
			);
			name = "Supporting Files";
			sourceTree = "<group>";
		};
		6003F5B5195388D20070C39A /* Tests */ = {
			isa = PBXGroup;
			children = (
				6003F5BB195388D20070C39A /* Tests.m */,
				6003F5B6195388D20070C39A /* Supporting Files */,
			);
			path = Tests;
			sourceTree = "<group>";
		};
		6003F5B6195388D20070C39A /* Supporting Files */ = {
			isa = PBXGroup;
			children = (
				6003F5B7195388D20070C39A /* Tests-Info.plist */,
				6003F5B8195388D20070C39A /* InfoPlist.strings */,
				606FC2411953D9B200FFA9A0 /* Tests-Prefix.pch */,
			);
			name = "Supporting Files";
			sourceTree = "<group>";
		};
		60FF7A9C1954A5C5007DD14C /* Podspec Metadata */ = {
			isa = PBXGroup;
			children = (
				D8C5D067468E261E14C5A26A /* YDPhotoBrowser.podspec */,
				775D44578F54F96E51D07493 /* README.md */,
				ECC011DD29EF4678117C27AF /* LICENSE */,
			);
			name = "Podspec Metadata";
			sourceTree = "<group>";
		};
		EB8585805D53FAC8CF5861D6 /* Pods */ = {
			isa = PBXGroup;
			children = (
				06D8EBF07F20B55F61E26186 /* Pods-YDPhotoBrowser_Example.debug.xcconfig */,
				7ABF43091AE6DA66F257E189 /* Pods-YDPhotoBrowser_Example.release.xcconfig */,
				F4F221FEE0AEC8B7DF30006F /* Pods-YDPhotoBrowser_Tests.debug.xcconfig */,
				9F2B5E0DE84292149B661921 /* Pods-YDPhotoBrowser_Tests.release.xcconfig */,
			);
			name = Pods;
			sourceTree = "<group>";
		};
/* End PBXGroup section */

/* Begin PBXNativeTarget section */
		6003F589195388D20070C39A /* YDPhotoBrowser_Example */ = {
			isa = PBXNativeTarget;
			buildConfigurationList = 6003F5BF195388D20070C39A /* Build configuration list for PBXNativeTarget "YDPhotoBrowser_Example" */;
			buildPhases = (
				BFEBFEE5C9C6462C0628C5B4 /* [CP] Check Pods Manifest.lock */,
				6003F586195388D20070C39A /* Sources */,
				6003F587195388D20070C39A /* Frameworks */,
				6003F588195388D20070C39A /* Resources */,
				E53BA96A2979095A18E40617 /* [CP] Embed Pods Frameworks */,
				F66B287917BCB18E0CC7A975 /* [CP] Copy Pods Resources */,
			);
			buildRules = (
			);
			dependencies = (
			);
			name = YDPhotoBrowser_Example;
			productName = YDPhotoBrowser;
			productReference = 6003F58A195388D20070C39A /* YDPhotoBrowser_Example.app */;
			productType = "com.apple.product-type.application";
		};
		6003F5AD195388D20070C39A /* YDPhotoBrowser_Tests */ = {
			isa = PBXNativeTarget;
			buildConfigurationList = 6003F5C2195388D20070C39A /* Build configuration list for PBXNativeTarget "YDPhotoBrowser_Tests" */;
			buildPhases = (
				D0238776201E85BD27E7A149 /* [CP] Check Pods Manifest.lock */,
				6003F5AA195388D20070C39A /* Sources */,
				6003F5AB195388D20070C39A /* Frameworks */,
				6003F5AC195388D20070C39A /* Resources */,
				777C0F19242DEC246816154E /* [CP] Embed Pods Frameworks */,
				98C0AE36E6A9EC10396DDD4F /* [CP] Copy Pods Resources */,
			);
			buildRules = (
			);
			dependencies = (
				6003F5B4195388D20070C39A /* PBXTargetDependency */,
			);
			name = YDPhotoBrowser_Tests;
			productName = YDPhotoBrowserTests;
			productReference = 6003F5AE195388D20070C39A /* YDPhotoBrowser_Tests.xctest */;
			productType = "com.apple.product-type.bundle.unit-test";
		};
/* End PBXNativeTarget section */

/* Begin PBXProject section */
		6003F582195388D10070C39A /* Project object */ = {
			isa = PBXProject;
			attributes = {
				CLASSPREFIX = YD;
				LastUpgradeCheck = 0720;
				ORGANIZATIONNAME = "jfdream1992@126.com";
				TargetAttributes = {
					6003F589195388D20070C39A = {
						DevelopmentTeam = 9CVMN4UZK4;
					};
					6003F5AD195388D20070C39A = {
						TestTargetID = 6003F589195388D20070C39A;
					};
				};
			};
			buildConfigurationList = 6003F585195388D10070C39A /* Build configuration list for PBXProject "YDPhotoBrowser" */;
			compatibilityVersion = "Xcode 3.2";
			developmentRegion = English;
			hasScannedForEncodings = 0;
			knownRegions = (
				en,
				Base,
			);
			mainGroup = 6003F581195388D10070C39A;
			productRefGroup = 6003F58B195388D20070C39A /* Products */;
			projectDirPath = "";
			projectRoot = "";
			targets = (
				6003F589195388D20070C39A /* YDPhotoBrowser_Example */,
				6003F5AD195388D20070C39A /* YDPhotoBrowser_Tests */,
			);
		};
/* End PBXProject section */

/* Begin PBXResourcesBuildPhase section */
		6003F588195388D20070C39A /* Resources */ = {
			isa = PBXResourcesBuildPhase;
			buildActionMask = 2147483647;
			files = (
				17811BD4210A0D3600171A67 /* YDPhotoBrowser.bundle in Resources */,
				873B8AEB1B1F5CCA007FD442 /* Main.storyboard in Resources */,
				71719F9F1E33DC2100824A3D /* LaunchScreen.storyboard in Resources */,
				1774B3A22101E0EF0020F16C /* hello.png in Resources */,
				6003F5A9195388D20070C39A /* Images.xcassets in Resources */,
				6003F598195388D20070C39A /* InfoPlist.strings in Resources */,
			);
			runOnlyForDeploymentPostprocessing = 0;
		};
		6003F5AC195388D20070C39A /* Resources */ = {
			isa = PBXResourcesBuildPhase;
			buildActionMask = 2147483647;
			files = (
				6003F5BA195388D20070C39A /* InfoPlist.strings in Resources */,
			);
			runOnlyForDeploymentPostprocessing = 0;
		};
/* End PBXResourcesBuildPhase section */

/* Begin PBXShellScriptBuildPhase section */
		777C0F19242DEC246816154E /* [CP] Embed Pods Frameworks */ = {
			isa = PBXShellScriptBuildPhase;
			buildActionMask = 2147483647;
			files = (
			);
			inputPaths = (
			);
			name = "[CP] Embed Pods Frameworks";
			outputPaths = (
			);
			runOnlyForDeploymentPostprocessing = 0;
			shellPath = /bin/sh;
			shellScript = "\"${SRCROOT}/Pods/Target Support Files/Pods-YDPhotoBrowser_Tests/Pods-YDPhotoBrowser_Tests-frameworks.sh\"\n";
			showEnvVarsInLog = 0;
		};
		98C0AE36E6A9EC10396DDD4F /* [CP] Copy Pods Resources */ = {
			isa = PBXShellScriptBuildPhase;
			buildActionMask = 2147483647;
			files = (
			);
			inputPaths = (
			);
			name = "[CP] Copy Pods Resources";
			outputPaths = (
			);
			runOnlyForDeploymentPostprocessing = 0;
			shellPath = /bin/sh;
			shellScript = "\"${SRCROOT}/Pods/Target Support Files/Pods-YDPhotoBrowser_Tests/Pods-YDPhotoBrowser_Tests-resources.sh\"\n";
			showEnvVarsInLog = 0;
		};
		BFEBFEE5C9C6462C0628C5B4 /* [CP] Check Pods Manifest.lock */ = {
			isa = PBXShellScriptBuildPhase;
			buildActionMask = 2147483647;
			files = (
			);
			inputPaths = (
				"${PODS_PODFILE_DIR_PATH}/Podfile.lock",
				"${PODS_ROOT}/Manifest.lock",
			);
			name = "[CP] Check Pods Manifest.lock";
			outputPaths = (
				"$(DERIVED_FILE_DIR)/Pods-YDPhotoBrowser_Example-checkManifestLockResult.txt",
			);
			runOnlyForDeploymentPostprocessing = 0;
			shellPath = /bin/sh;
			shellScript = "diff \"${PODS_PODFILE_DIR_PATH}/Podfile.lock\" \"${PODS_ROOT}/Manifest.lock\" > /dev/null\nif [ $? != 0 ] ; then\n    # print error to STDERR\n    echo \"error: The sandbox is not in sync with the Podfile.lock. Run 'pod install' or update your CocoaPods installation.\" >&2\n    exit 1\nfi\n# This output is used by Xcode 'outputs' to avoid re-running this script phase.\necho \"SUCCESS\" > \"${SCRIPT_OUTPUT_FILE_0}\"\n";
			showEnvVarsInLog = 0;
		};
		D0238776201E85BD27E7A149 /* [CP] Check Pods Manifest.lock */ = {
			isa = PBXShellScriptBuildPhase;
			buildActionMask = 2147483647;
			files = (
			);
			inputPaths = (
				"${PODS_PODFILE_DIR_PATH}/Podfile.lock",
				"${PODS_ROOT}/Manifest.lock",
			);
			name = "[CP] Check Pods Manifest.lock";
			outputPaths = (
				"$(DERIVED_FILE_DIR)/Pods-YDPhotoBrowser_Tests-checkManifestLockResult.txt",
			);
			runOnlyForDeploymentPostprocessing = 0;
			shellPath = /bin/sh;
			shellScript = "diff \"${PODS_PODFILE_DIR_PATH}/Podfile.lock\" \"${PODS_ROOT}/Manifest.lock\" > /dev/null\nif [ $? != 0 ] ; then\n    # print error to STDERR\n    echo \"error: The sandbox is not in sync with the Podfile.lock. Run 'pod install' or update your CocoaPods installation.\" >&2\n    exit 1\nfi\n# This output is used by Xcode 'outputs' to avoid re-running this script phase.\necho \"SUCCESS\" > \"${SCRIPT_OUTPUT_FILE_0}\"\n";
			showEnvVarsInLog = 0;
		};
		E53BA96A2979095A18E40617 /* [CP] Embed Pods Frameworks */ = {
			isa = PBXShellScriptBuildPhase;
			buildActionMask = 2147483647;
			files = (
			);
			inputPaths = (
				"${SRCROOT}/Pods/Target Support Files/Pods-YDPhotoBrowser_Example/Pods-YDPhotoBrowser_Example-frameworks.sh",
				"${BUILT_PRODUCTS_DIR}/Masonry/Masonry.framework",
				"${BUILT_PRODUCTS_DIR}/SDWebImage/SDWebImage.framework",
				"${BUILT_PRODUCTS_DIR}/SVProgressHUD/SVProgressHUD.framework",
				"${BUILT_PRODUCTS_DIR}/YDPhotoBrowser/YDPhotoBrowser.framework",
				"${BUILT_PRODUCTS_DIR}/ZFPlayer/ZFPlayer.framework",
			);
			name = "[CP] Embed Pods Frameworks";
			outputPaths = (
				"${TARGET_BUILD_DIR}/${FRAMEWORKS_FOLDER_PATH}/Masonry.framework",
				"${TARGET_BUILD_DIR}/${FRAMEWORKS_FOLDER_PATH}/SDWebImage.framework",
				"${TARGET_BUILD_DIR}/${FRAMEWORKS_FOLDER_PATH}/SVProgressHUD.framework",
				"${TARGET_BUILD_DIR}/${FRAMEWORKS_FOLDER_PATH}/YDPhotoBrowser.framework",
				"${TARGET_BUILD_DIR}/${FRAMEWORKS_FOLDER_PATH}/ZFPlayer.framework",
			);
			runOnlyForDeploymentPostprocessing = 0;
			shellPath = /bin/sh;
			shellScript = "\"${SRCROOT}/Pods/Target Support Files/Pods-YDPhotoBrowser_Example/Pods-YDPhotoBrowser_Example-frameworks.sh\"\n";
			showEnvVarsInLog = 0;
		};
		F66B287917BCB18E0CC7A975 /* [CP] Copy Pods Resources */ = {
			isa = PBXShellScriptBuildPhase;
			buildActionMask = 2147483647;
			files = (
			);
			inputPaths = (
			);
			name = "[CP] Copy Pods Resources";
			outputPaths = (
			);
			runOnlyForDeploymentPostprocessing = 0;
			shellPath = /bin/sh;
			shellScript = "\"${SRCROOT}/Pods/Target Support Files/Pods-YDPhotoBrowser_Example/Pods-YDPhotoBrowser_Example-resources.sh\"\n";
			showEnvVarsInLog = 0;
		};
/* End PBXShellScriptBuildPhase section */

/* Begin PBXSourcesBuildPhase section */
		6003F586195388D20070C39A /* Sources */ = {
			isa = PBXSourcesBuildPhase;
			buildActionMask = 2147483647;
			files = (
				17D74BA52103690100CF8128 /* AAPLSwipeTransitionInteractionController.m in Sources */,
				6003F59E195388D20070C39A /* YDAppDelegate.m in Sources */,
				6003F5A7195388D20070C39A /* YDViewController.m in Sources */,
				17D74BA62103690100CF8128 /* AAPLSwipeSecondViewController.m in Sources */,
				17D74B922102DE2500CF8128 /* AAPLCustomPresentationController.m in Sources */,
				17D74BA72103690100CF8128 /* AAPLSwipeTransitionDelegate.m in Sources */,
				6003F59A195388D20070C39A /* main.m in Sources */,
				17D74B912102DE2500CF8128 /* AAPLCustomPresentationFirstViewController.m in Sources */,
				17D74BA82103690100CF8128 /* AAPLSwipeTransitionAnimator.m in Sources */,
				17D74B932102DE2500CF8128 /* DemoViewController.m in Sources */,
				17D74BA42103690100CF8128 /* AAPLSwipeFirstViewController.m in Sources */,
				17D74B902102DE2500CF8128 /* AAPLCustomPresentationSecondViewController.m in Sources */,
			);
			runOnlyForDeploymentPostprocessing = 0;
		};
		6003F5AA195388D20070C39A /* Sources */ = {
			isa = PBXSourcesBuildPhase;
			buildActionMask = 2147483647;
			files = (
				6003F5BC195388D20070C39A /* Tests.m in Sources */,
			);
			runOnlyForDeploymentPostprocessing = 0;
		};
/* End PBXSourcesBuildPhase section */

/* Begin PBXTargetDependency section */
		6003F5B4195388D20070C39A /* PBXTargetDependency */ = {
			isa = PBXTargetDependency;
			target = 6003F589195388D20070C39A /* YDPhotoBrowser_Example */;
			targetProxy = 6003F5B3195388D20070C39A /* PBXContainerItemProxy */;
		};
/* End PBXTargetDependency section */

/* Begin PBXVariantGroup section */
		6003F596195388D20070C39A /* InfoPlist.strings */ = {
			isa = PBXVariantGroup;
			children = (
				6003F597195388D20070C39A /* en */,
			);
			name = InfoPlist.strings;
			sourceTree = "<group>";
		};
		6003F5B8195388D20070C39A /* InfoPlist.strings */ = {
			isa = PBXVariantGroup;
			children = (
				6003F5B9195388D20070C39A /* en */,
			);
			name = InfoPlist.strings;
			sourceTree = "<group>";
		};
		71719F9D1E33DC2100824A3D /* LaunchScreen.storyboard */ = {
			isa = PBXVariantGroup;
			children = (
				71719F9E1E33DC2100824A3D /* Base */,
			);
			name = LaunchScreen.storyboard;
			sourceTree = "<group>";
		};
/* End PBXVariantGroup section */

/* Begin XCBuildConfiguration section */
		6003F5BD195388D20070C39A /* Debug */ = {
			isa = XCBuildConfiguration;
			buildSettings = {
				ALWAYS_SEARCH_USER_PATHS = NO;
				CLANG_CXX_LANGUAGE_STANDARD = "gnu++0x";
				CLANG_CXX_LIBRARY = "libc++";
				CLANG_ENABLE_MODULES = YES;
				CLANG_ENABLE_OBJC_ARC = YES;
				CLANG_WARN_BOOL_CONVERSION = YES;
				CLANG_WARN_CONSTANT_CONVERSION = YES;
				CLANG_WARN_DIRECT_OBJC_ISA_USAGE = YES_ERROR;
				CLANG_WARN_EMPTY_BODY = YES;
				CLANG_WARN_ENUM_CONVERSION = YES;
				CLANG_WARN_INT_CONVERSION = YES;
				CLANG_WARN_OBJC_ROOT_CLASS = YES_ERROR;
				CLANG_WARN__DUPLICATE_METHOD_MATCH = YES;
				"CODE_SIGN_IDENTITY[sdk=iphoneos*]" = "iPhone Developer";
				COPY_PHASE_STRIP = NO;
				ENABLE_TESTABILITY = YES;
				GCC_C_LANGUAGE_STANDARD = gnu99;
				GCC_DYNAMIC_NO_PIC = NO;
				GCC_OPTIMIZATION_LEVEL = 0;
				GCC_PREPROCESSOR_DEFINITIONS = (
					"DEBUG=1",
					"$(inherited)",
				);
				GCC_SYMBOLS_PRIVATE_EXTERN = NO;
				GCC_WARN_64_TO_32_BIT_CONVERSION = YES;
				GCC_WARN_ABOUT_RETURN_TYPE = YES_ERROR;
				GCC_WARN_UNDECLARED_SELECTOR = YES;
				GCC_WARN_UNINITIALIZED_AUTOS = YES_AGGRESSIVE;
				GCC_WARN_UNUSED_FUNCTION = YES;
				GCC_WARN_UNUSED_VARIABLE = YES;
				IPHONEOS_DEPLOYMENT_TARGET = 9.3;
				ONLY_ACTIVE_ARCH = YES;
				SDKROOT = iphoneos;
				TARGETED_DEVICE_FAMILY = "1,2";
			};
			name = Debug;
		};
		6003F5BE195388D20070C39A /* Release */ = {
			isa = XCBuildConfiguration;
			buildSettings = {
				ALWAYS_SEARCH_USER_PATHS = NO;
				CLANG_CXX_LANGUAGE_STANDARD = "gnu++0x";
				CLANG_CXX_LIBRARY = "libc++";
				CLANG_ENABLE_MODULES = YES;
				CLANG_ENABLE_OBJC_ARC = YES;
				CLANG_WARN_BOOL_CONVERSION = YES;
				CLANG_WARN_CONSTANT_CONVERSION = YES;
				CLANG_WARN_DIRECT_OBJC_ISA_USAGE = YES_ERROR;
				CLANG_WARN_EMPTY_BODY = YES;
				CLANG_WARN_ENUM_CONVERSION = YES;
				CLANG_WARN_INT_CONVERSION = YES;
				CLANG_WARN_OBJC_ROOT_CLASS = YES_ERROR;
				CLANG_WARN__DUPLICATE_METHOD_MATCH = YES;
				"CODE_SIGN_IDENTITY[sdk=iphoneos*]" = "iPhone Developer";
				COPY_PHASE_STRIP = YES;
				ENABLE_NS_ASSERTIONS = NO;
				GCC_C_LANGUAGE_STANDARD = gnu99;
				GCC_WARN_64_TO_32_BIT_CONVERSION = YES;
				GCC_WARN_ABOUT_RETURN_TYPE = YES_ERROR;
				GCC_WARN_UNDECLARED_SELECTOR = YES;
				GCC_WARN_UNINITIALIZED_AUTOS = YES_AGGRESSIVE;
				GCC_WARN_UNUSED_FUNCTION = YES;
				GCC_WARN_UNUSED_VARIABLE = YES;
				IPHONEOS_DEPLOYMENT_TARGET = 9.3;
				SDKROOT = iphoneos;
				TARGETED_DEVICE_FAMILY = "1,2";
				VALIDATE_PRODUCT = YES;
			};
			name = Release;
		};
		6003F5C0195388D20070C39A /* Debug */ = {
			isa = XCBuildConfiguration;
			baseConfigurationReference = 06D8EBF07F20B55F61E26186 /* Pods-YDPhotoBrowser_Example.debug.xcconfig */;
			buildSettings = {
				ASSETCATALOG_COMPILER_APPICON_NAME = AppIcon;
				DEVELOPMENT_TEAM = 9CVMN4UZK4;
				GCC_PRECOMPILE_PREFIX_HEADER = YES;
				GCC_PREFIX_HEADER = "YDPhotoBrowser/YDPhotoBrowser-Prefix.pch";
				INFOPLIST_FILE = "YDPhotoBrowser/YDPhotoBrowser-Info.plist";
				MODULE_NAME = ExampleApp;
				PRODUCT_BUNDLE_IDENTIFIER = "org.cocoapods.demo.${PRODUCT_NAME:rfc1034identifier}";
				PRODUCT_NAME = "$(TARGET_NAME)";
				WRAPPER_EXTENSION = app;
			};
			name = Debug;
		};
		6003F5C1195388D20070C39A /* Release */ = {
			isa = XCBuildConfiguration;
			baseConfigurationReference = 7ABF43091AE6DA66F257E189 /* Pods-YDPhotoBrowser_Example.release.xcconfig */;
			buildSettings = {
				ASSETCATALOG_COMPILER_APPICON_NAME = AppIcon;
				DEVELOPMENT_TEAM = 9CVMN4UZK4;
				GCC_PRECOMPILE_PREFIX_HEADER = YES;
				GCC_PREFIX_HEADER = "YDPhotoBrowser/YDPhotoBrowser-Prefix.pch";
				INFOPLIST_FILE = "YDPhotoBrowser/YDPhotoBrowser-Info.plist";
				MODULE_NAME = ExampleApp;
				PRODUCT_BUNDLE_IDENTIFIER = "org.cocoapods.demo.${PRODUCT_NAME:rfc1034identifier}";
				PRODUCT_NAME = "$(TARGET_NAME)";
				WRAPPER_EXTENSION = app;
			};
			name = Release;
		};
		6003F5C3195388D20070C39A /* Debug */ = {
			isa = XCBuildConfiguration;
			baseConfigurationReference = F4F221FEE0AEC8B7DF30006F /* Pods-YDPhotoBrowser_Tests.debug.xcconfig */;
			buildSettings = {
				BUNDLE_LOADER = "$(TEST_HOST)";
				FRAMEWORK_SEARCH_PATHS = (
					"$(SDKROOT)/Developer/Library/Frameworks",
					"$(inherited)",
					"$(DEVELOPER_FRAMEWORKS_DIR)",
				);
				GCC_PRECOMPILE_PREFIX_HEADER = YES;
				GCC_PREFIX_HEADER = "Tests/Tests-Prefix.pch";
				GCC_PREPROCESSOR_DEFINITIONS = (
					"DEBUG=1",
					"$(inherited)",
				);
				INFOPLIST_FILE = "Tests/Tests-Info.plist";
				PRODUCT_BUNDLE_IDENTIFIER = "org.cocoapods.demo.${PRODUCT_NAME:rfc1034identifier}";
				PRODUCT_NAME = "$(TARGET_NAME)";
				TEST_HOST = "$(BUILT_PRODUCTS_DIR)/YDPhotoBrowser_Example.app/YDPhotoBrowser_Example";
				WRAPPER_EXTENSION = xctest;
			};
			name = Debug;
		};
		6003F5C4195388D20070C39A /* Release */ = {
			isa = XCBuildConfiguration;
			baseConfigurationReference = 9F2B5E0DE84292149B661921 /* Pods-YDPhotoBrowser_Tests.release.xcconfig */;
			buildSettings = {
				BUNDLE_LOADER = "$(TEST_HOST)";
				FRAMEWORK_SEARCH_PATHS = (
					"$(SDKROOT)/Developer/Library/Frameworks",
					"$(inherited)",
					"$(DEVELOPER_FRAMEWORKS_DIR)",
				);
				GCC_PRECOMPILE_PREFIX_HEADER = YES;
				GCC_PREFIX_HEADER = "Tests/Tests-Prefix.pch";
				INFOPLIST_FILE = "Tests/Tests-Info.plist";
				PRODUCT_BUNDLE_IDENTIFIER = "org.cocoapods.demo.${PRODUCT_NAME:rfc1034identifier}";
				PRODUCT_NAME = "$(TARGET_NAME)";
				TEST_HOST = "$(BUILT_PRODUCTS_DIR)/YDPhotoBrowser_Example.app/YDPhotoBrowser_Example";
				WRAPPER_EXTENSION = xctest;
			};
			name = Release;
		};
/* End XCBuildConfiguration section */

/* Begin XCConfigurationList section */
		6003F585195388D10070C39A /* Build configuration list for PBXProject "YDPhotoBrowser" */ = {
			isa = XCConfigurationList;
			buildConfigurations = (
				6003F5BD195388D20070C39A /* Debug */,
				6003F5BE195388D20070C39A /* Release */,
			);
			defaultConfigurationIsVisible = 0;
			defaultConfigurationName = Release;
		};
		6003F5BF195388D20070C39A /* Build configuration list for PBXNativeTarget "YDPhotoBrowser_Example" */ = {
			isa = XCConfigurationList;
			buildConfigurations = (
				6003F5C0195388D20070C39A /* Debug */,
				6003F5C1195388D20070C39A /* Release */,
			);
			defaultConfigurationIsVisible = 0;
			defaultConfigurationName = Release;
		};
		6003F5C2195388D20070C39A /* Build configuration list for PBXNativeTarget "YDPhotoBrowser_Tests" */ = {
			isa = XCConfigurationList;
			buildConfigurations = (
				6003F5C3195388D20070C39A /* Debug */,
				6003F5C4195388D20070C39A /* Release */,
			);
			defaultConfigurationIsVisible = 0;
			defaultConfigurationName = Release;
		};
/* End XCConfigurationList section */
	};
	rootObject = 6003F582195388D10070C39A /* Project object */;
}
